// !$*UTF8*$!
{
	archiveVersion = 1;
	classes = {
	};
	objectVersion = 46;
	objects = {

/* Begin PBXBuildFile section */
		1A3D2418DDB8E320A8D7485D /* Pods_AwesomeWeiboUITests.framework in Frameworks */ = {isa = PBXBuildFile; fileRef = 1F5643F41889B357A6AE00CF /* Pods_AwesomeWeiboUITests.framework */; };
		25000A8E1D4AB3AC00FE413E /* UIButton-Extension.swift in Sources */ = {isa = PBXBuildFile; fileRef = 25000A8D1D4AB3AC00FE413E /* UIButton-Extension.swift */; };
		25000A901D4B1E0500FE413E /* BaseViewController.swift in Sources */ = {isa = PBXBuildFile; fileRef = 25000A8F1D4B1E0500FE413E /* BaseViewController.swift */; };
		25000A921D4B20AD00FE413E /* VisitorView.swift in Sources */ = {isa = PBXBuildFile; fileRef = 25000A911D4B20AD00FE413E /* VisitorView.swift */; };
		25000A941D4B20FC00FE413E /* VisitorView.xib in Resources */ = {isa = PBXBuildFile; fileRef = 25000A931D4B20FC00FE413E /* VisitorView.xib */; };
		25000A961D4C89CD00FE413E /* TitleButton.swift in Sources */ = {isa = PBXBuildFile; fileRef = 25000A951D4C89CD00FE413E /* TitleButton.swift */; };
		25000A991D4C935B00FE413E /* PopOverViewController.swift in Sources */ = {isa = PBXBuildFile; fileRef = 25000A971D4C935B00FE413E /* PopOverViewController.swift */; };
		25000A9A1D4C935B00FE413E /* PopOverViewController.xib in Resources */ = {isa = PBXBuildFile; fileRef = 25000A981D4C935B00FE413E /* PopOverViewController.xib */; };
		25000A9C1D4EAF8300FE413E /* TitleMenuPresentationController.swift in Sources */ = {isa = PBXBuildFile; fileRef = 25000A9B1D4EAF8300FE413E /* TitleMenuPresentationController.swift */; };
		251804D21D569A4400FE4A41 /* StatusViewModel.swift in Sources */ = {isa = PBXBuildFile; fileRef = 251804D11D569A4400FE4A41 /* StatusViewModel.swift */; };
		251804D41D57008100FE4A41 /* HomeViewCell.swift in Sources */ = {isa = PBXBuildFile; fileRef = 251804D31D57008100FE4A41 /* HomeViewCell.swift */; };
		251804D61D584AB500FE4A41 /* PicCollectionView.swift in Sources */ = {isa = PBXBuildFile; fileRef = 251804D51D584AB500FE4A41 /* PicCollectionView.swift */; };
		2568522F1D5AE3A000F20A2B /* ComposeViewController.swift in Sources */ = {isa = PBXBuildFile; fileRef = 2568522D1D5AE3A000F20A2B /* ComposeViewController.swift */; };
		256852301D5AE3A000F20A2B /* ComposeViewController.xib in Resources */ = {isa = PBXBuildFile; fileRef = 2568522E1D5AE3A000F20A2B /* ComposeViewController.xib */; };
		256852321D5AE9E900F20A2B /* ComposeTextView.swift in Sources */ = {isa = PBXBuildFile; fileRef = 256852311D5AE9E900F20A2B /* ComposeTextView.swift */; };
		256852341D5AED9100F20A2B /* ComposeTitleView.swift in Sources */ = {isa = PBXBuildFile; fileRef = 256852331D5AED9100F20A2B /* ComposeTitleView.swift */; };
		256852361D5BCCD200F20A2B /* PicPickerCollectionView.swift in Sources */ = {isa = PBXBuildFile; fileRef = 256852351D5BCCD200F20A2B /* PicPickerCollectionView.swift */; };
		256852391D5BE10600F20A2B /* PicPickerCollectionViewCell.swift in Sources */ = {isa = PBXBuildFile; fileRef = 256852371D5BE10600F20A2B /* PicPickerCollectionViewCell.swift */; };
		2568523A1D5BE10600F20A2B /* PicPickerCollectionViewCell.xib in Resources */ = {isa = PBXBuildFile; fileRef = 256852381D5BE10600F20A2B /* PicPickerCollectionViewCell.xib */; };
		256852901D5D86F100F20A2B /* EmojiconAttachment.swift in Sources */ = {isa = PBXBuildFile; fileRef = 256852891D5D86F100F20A2B /* EmojiconAttachment.swift */; };
		256852911D5D86F100F20A2B /* EmojiconViewCell.swift in Sources */ = {isa = PBXBuildFile; fileRef = 2568528A1D5D86F100F20A2B /* EmojiconViewCell.swift */; };
		256852921D5D86F100F20A2B /* EmojiconViewController.swift in Sources */ = {isa = PBXBuildFile; fileRef = 2568528B1D5D86F100F20A2B /* EmojiconViewController.swift */; };
		256852931D5D86F100F20A2B /* Emojicon.swift in Sources */ = {isa = PBXBuildFile; fileRef = 2568528C1D5D86F100F20A2B /* Emojicon.swift */; };
		256852941D5D86F100F20A2B /* EmojiconManager.swift in Sources */ = {isa = PBXBuildFile; fileRef = 2568528D1D5D86F100F20A2B /* EmojiconManager.swift */; };
		256852951D5D86F100F20A2B /* EmojiconPackage.swift in Sources */ = {isa = PBXBuildFile; fileRef = 2568528E1D5D86F100F20A2B /* EmojiconPackage.swift */; };
		256852961D5D86F100F20A2B /* UITextView-Extension.swift in Sources */ = {isa = PBXBuildFile; fileRef = 2568528F1D5D86F100F20A2B /* UITextView-Extension.swift */; };
		256852981D5D870600F20A2B /* Emoticons.bundle in Resources */ = {isa = PBXBuildFile; fileRef = 256852971D5D870600F20A2B /* Emoticons.bundle */; };
		2568529A1D5F8A4900F20A2B /* FindEmojicon.swift in Sources */ = {isa = PBXBuildFile; fileRef = 256852991D5F8A4900F20A2B /* FindEmojicon.swift */; };
		2568529C1D60967900F20A2B /* PhotoBrowerController.swift in Sources */ = {isa = PBXBuildFile; fileRef = 2568529B1D60967900F20A2B /* PhotoBrowerController.swift */; };
		2568529E1D60F3C800F20A2B /* PhotoBrowerViewCell.swift in Sources */ = {isa = PBXBuildFile; fileRef = 2568529D1D60F3C800F20A2B /* PhotoBrowerViewCell.swift */; };
		256852A01D610FB000F20A2B /* ProgessView.swift in Sources */ = {isa = PBXBuildFile; fileRef = 2568529F1D610FB000F20A2B /* ProgessView.swift */; };
		256852A21D614E8A00F20A2B /* PhotoBrowerAnimator.swift in Sources */ = {isa = PBXBuildFile; fileRef = 256852A11D614E8A00F20A2B /* PhotoBrowerAnimator.swift */; };
		2595BF991D519D9B0033C2CD /* PopoverAnimator.swift in Sources */ = {isa = PBXBuildFile; fileRef = 2595BF981D519D9B0033C2CD /* PopoverAnimator.swift */; };
		25CDD8811D539CFD00252607 /* MainViewController.swift in Sources */ = {isa = PBXBuildFile; fileRef = 25CDD8801D539CFD00252607 /* MainViewController.swift */; };
		25CDD8861D539D5A00252607 /* OAuthViewController.swift in Sources */ = {isa = PBXBuildFile; fileRef = 25CDD8841D539D5A00252607 /* OAuthViewController.swift */; };
		25CDD8871D539D5A00252607 /* OAuthViewController.xib in Resources */ = {isa = PBXBuildFile; fileRef = 25CDD8851D539D5A00252607 /* OAuthViewController.xib */; };
		25CDD8891D53D7C800252607 /* Common.swift in Sources */ = {isa = PBXBuildFile; fileRef = 25CDD8881D53D7C800252607 /* Common.swift */; };
		25CDD88B1D541B1E00252607 /* NetworkTools.swift in Sources */ = {isa = PBXBuildFile; fileRef = 25CDD88A1D541B1E00252607 /* NetworkTools.swift */; };
		25CDD88D1D5429B000252607 /* UserAccount.swift in Sources */ = {isa = PBXBuildFile; fileRef = 25CDD88C1D5429B000252607 /* UserAccount.swift */; };
		25CDD8911D54654700252607 /* UserAccountViewModel.swift in Sources */ = {isa = PBXBuildFile; fileRef = 25CDD8901D54654700252607 /* UserAccountViewModel.swift */; };
		25CDD8941D546C0F00252607 /* WelcomeViewController.swift in Sources */ = {isa = PBXBuildFile; fileRef = 25CDD8921D546C0F00252607 /* WelcomeViewController.swift */; };
		25CDD8951D546C0F00252607 /* WelcomeViewController.xib in Resources */ = {isa = PBXBuildFile; fileRef = 25CDD8931D546C0F00252607 /* WelcomeViewController.xib */; };
		25CDD8971D5594B600252607 /* Status.swift in Sources */ = {isa = PBXBuildFile; fileRef = 25CDD8961D5594B600252607 /* Status.swift */; };
		25CDD8D71D55BEE800252607 /* NSDate-Extension.swift in Sources */ = {isa = PBXBuildFile; fileRef = 25CDD8D61D55BEE800252607 /* NSDate-Extension.swift */; };
		25CDD8D91D5652E800252607 /* User.swift in Sources */ = {isa = PBXBuildFile; fileRef = 25CDD8D81D5652E800252607 /* User.swift */; };
		25CE8CEA1D4879CC0069D660 /* AppDelegate.swift in Sources */ = {isa = PBXBuildFile; fileRef = 25CE8CE91D4879CC0069D660 /* AppDelegate.swift */; };
		25CE8CEF1D4879CC0069D660 /* Main.storyboard in Resources */ = {isa = PBXBuildFile; fileRef = 25CE8CED1D4879CC0069D660 /* Main.storyboard */; };
		25CE8CF11D4879CC0069D660 /* Assets.xcassets in Resources */ = {isa = PBXBuildFile; fileRef = 25CE8CF01D4879CC0069D660 /* Assets.xcassets */; };
		25CE8CF41D4879CC0069D660 /* LaunchScreen.storyboard in Resources */ = {isa = PBXBuildFile; fileRef = 25CE8CF21D4879CC0069D660 /* LaunchScreen.storyboard */; };
		25CE8CFF1D4879CC0069D660 /* AwesomeWeiboTests.swift in Sources */ = {isa = PBXBuildFile; fileRef = 25CE8CFE1D4879CC0069D660 /* AwesomeWeiboTests.swift */; };
		25CE8D0A1D4879CC0069D660 /* AwesomeWeiboUITests.swift in Sources */ = {isa = PBXBuildFile; fileRef = 25CE8D091D4879CC0069D660 /* AwesomeWeiboUITests.swift */; };
		25CE8D181D489BF20069D660 /* Classes in Resources */ = {isa = PBXBuildFile; fileRef = 25CE8D171D489BF20069D660 /* Classes */; };
		25CE8D3B1D49C62C0069D660 /* DiscoverViewController.swift in Sources */ = {isa = PBXBuildFile; fileRef = 25CE8D3A1D49C62C0069D660 /* DiscoverViewController.swift */; };
		25CE8D3D1D49C6310069D660 /* HomeViewController.swift in Sources */ = {isa = PBXBuildFile; fileRef = 25CE8D3C1D49C6310069D660 /* HomeViewController.swift */; };
		25CE8D3F1D49C6360069D660 /* MessageViewController.swift in Sources */ = {isa = PBXBuildFile; fileRef = 25CE8D3E1D49C6360069D660 /* MessageViewController.swift */; };
		25CE8D411D49C63A0069D660 /* ProfileViewController.swift in Sources */ = {isa = PBXBuildFile; fileRef = 25CE8D401D49C63A0069D660 /* ProfileViewController.swift */; };
		25CE8D431D49C7430069D660 /* Discover.storyboard in Resources */ = {isa = PBXBuildFile; fileRef = 25CE8D421D49C7430069D660 /* Discover.storyboard */; };
		25CE8D451D49C7960069D660 /* Home.storyboard in Resources */ = {isa = PBXBuildFile; fileRef = 25CE8D441D49C7960069D660 /* Home.storyboard */; };
		25CE8D471D49C7E10069D660 /* Message.storyboard in Resources */ = {isa = PBXBuildFile; fileRef = 25CE8D461D49C7E10069D660 /* Message.storyboard */; };
		25CE8D491D49C81E0069D660 /* Profile.storyboard in Resources */ = {isa = PBXBuildFile; fileRef = 25CE8D481D49C81E0069D660 /* Profile.storyboard */; };
		25CE8D4C1D49C9CC0069D660 /* null.storyboard in Resources */ = {isa = PBXBuildFile; fileRef = 25CE8D4A1D49C9CC0069D660 /* null.storyboard */; };
		65BBBE4FAD6FF7B45E2AE099 /* Pods_AwesomeWeibo.framework in Frameworks */ = {isa = PBXBuildFile; fileRef = 4E80055EEBF83616754A6CB0 /* Pods_AwesomeWeibo.framework */; };
		893C803C979EABF4B1365353 /* Pods_AwesomeWeiboTests.framework in Frameworks */ = {isa = PBXBuildFile; fileRef = 307B8BCDCFDFE65D0D1CBA4F /* Pods_AwesomeWeiboTests.framework */; };
/* End PBXBuildFile section */

/* Begin PBXContainerItemProxy section */
		25CE8CFB1D4879CC0069D660 /* PBXContainerItemProxy */ = {
			isa = PBXContainerItemProxy;
			containerPortal = 25CE8CDE1D4879CC0069D660 /* Project object */;
			proxyType = 1;
			remoteGlobalIDString = 25CE8CE51D4879CC0069D660;
			remoteInfo = AwesomeWeibo;
		};
		25CE8D061D4879CC0069D660 /* PBXContainerItemProxy */ = {
			isa = PBXContainerItemProxy;
			containerPortal = 25CE8CDE1D4879CC0069D660 /* Project object */;
			proxyType = 1;
			remoteGlobalIDString = 25CE8CE51D4879CC0069D660;
			remoteInfo = AwesomeWeibo;
		};
/* End PBXContainerItemProxy section */

/* Begin PBXFileReference section */
		1371DB8F890AE6CD22E603A8 /* Pods-AwesomeWeibo.release.xcconfig */ = {isa = PBXFileReference; includeInIndex = 1; lastKnownFileType = text.xcconfig; name = "Pods-AwesomeWeibo.release.xcconfig"; path = "Pods/Target Support Files/Pods-AwesomeWeibo/Pods-AwesomeWeibo.release.xcconfig"; sourceTree = "<group>"; };
		1F5643F41889B357A6AE00CF /* Pods_AwesomeWeiboUITests.framework */ = {isa = PBXFileReference; explicitFileType = wrapper.framework; includeInIndex = 0; path = Pods_AwesomeWeiboUITests.framework; sourceTree = BUILT_PRODUCTS_DIR; };
		25000A8D1D4AB3AC00FE413E /* UIButton-Extension.swift */ = {isa = PBXFileReference; fileEncoding = 4; lastKnownFileType = sourcecode.swift; name = "UIButton-Extension.swift"; path = "Classes/Tools/Category/UIButton-Extension.swift"; sourceTree = "<group>"; };
		25000A8F1D4B1E0500FE413E /* BaseViewController.swift */ = {isa = PBXFileReference; fileEncoding = 4; lastKnownFileType = sourcecode.swift; name = BaseViewController.swift; path = AwesomeWeibo/Classes/Main/Visitor/BaseViewController.swift; sourceTree = "<group>"; };
		25000A911D4B20AD00FE413E /* VisitorView.swift */ = {isa = PBXFileReference; fileEncoding = 4; lastKnownFileType = sourcecode.swift; name = VisitorView.swift; path = Classes/Main/Visitor/VisitorView.swift; sourceTree = "<group>"; };
		25000A931D4B20FC00FE413E /* VisitorView.xib */ = {isa = PBXFileReference; fileEncoding = 4; lastKnownFileType = file.xib; name = VisitorView.xib; path = Classes/Main/Visitor/VisitorView.xib; sourceTree = "<group>"; };
		25000A951D4C89CD00FE413E /* TitleButton.swift */ = {isa = PBXFileReference; fileEncoding = 4; lastKnownFileType = sourcecode.swift; name = TitleButton.swift; path = Classes/Tools/TitleButton.swift; sourceTree = "<group>"; };
		25000A971D4C935B00FE413E /* PopOverViewController.swift */ = {isa = PBXFileReference; fileEncoding = 4; lastKnownFileType = sourcecode.swift; name = PopOverViewController.swift; path = Classes/Home/UIPopOver/PopOverViewController.swift; sourceTree = "<group>"; };
		25000A981D4C935B00FE413E /* PopOverViewController.xib */ = {isa = PBXFileReference; fileEncoding = 4; lastKnownFileType = file.xib; name = PopOverViewController.xib; path = Classes/Home/UIPopOver/PopOverViewController.xib; sourceTree = "<group>"; };
		25000A9B1D4EAF8300FE413E /* TitleMenuPresentationController.swift */ = {isa = PBXFileReference; fileEncoding = 4; lastKnownFileType = sourcecode.swift; name = TitleMenuPresentationController.swift; path = Classes/Home/TitleMenuPresentationController.swift; sourceTree = "<group>"; };
		251804D11D569A4400FE4A41 /* StatusViewModel.swift */ = {isa = PBXFileReference; fileEncoding = 4; lastKnownFileType = sourcecode.swift; name = StatusViewModel.swift; path = Classes/Home/HomeModel/StatusViewModel.swift; sourceTree = "<group>"; };
		251804D31D57008100FE4A41 /* HomeViewCell.swift */ = {isa = PBXFileReference; fileEncoding = 4; lastKnownFileType = sourcecode.swift; name = HomeViewCell.swift; path = Classes/Home/HomeViewCell.swift; sourceTree = "<group>"; };
		251804D51D584AB500FE4A41 /* PicCollectionView.swift */ = {isa = PBXFileReference; fileEncoding = 4; lastKnownFileType = sourcecode.swift; name = PicCollectionView.swift; path = Classes/Home/PicCollectionView.swift; sourceTree = "<group>"; };
		2568522D1D5AE3A000F20A2B /* ComposeViewController.swift */ = {isa = PBXFileReference; fileEncoding = 4; lastKnownFileType = sourcecode.swift; name = ComposeViewController.swift; path = Classes/Compose/ComposeViewController.swift; sourceTree = "<group>"; };
		2568522E1D5AE3A000F20A2B /* ComposeViewController.xib */ = {isa = PBXFileReference; fileEncoding = 4; lastKnownFileType = file.xib; name = ComposeViewController.xib; path = Classes/Compose/ComposeViewController.xib; sourceTree = "<group>"; };
		256852311D5AE9E900F20A2B /* ComposeTextView.swift */ = {isa = PBXFileReference; fileEncoding = 4; lastKnownFileType = sourcecode.swift; name = ComposeTextView.swift; path = Classes/Compose/ComposeTextView.swift; sourceTree = "<group>"; };
		256852331D5AED9100F20A2B /* ComposeTitleView.swift */ = {isa = PBXFileReference; fileEncoding = 4; lastKnownFileType = sourcecode.swift; name = ComposeTitleView.swift; path = Classes/Compose/ComposeTitleView.swift; sourceTree = "<group>"; };
		256852351D5BCCD200F20A2B /* PicPickerCollectionView.swift */ = {isa = PBXFileReference; fileEncoding = 4; lastKnownFileType = sourcecode.swift; name = PicPickerCollectionView.swift; path = Classes/Compose/PicPicker/PicPickerCollectionView.swift; sourceTree = "<group>"; };
		256852371D5BE10600F20A2B /* PicPickerCollectionViewCell.swift */ = {isa = PBXFileReference; fileEncoding = 4; lastKnownFileType = sourcecode.swift; name = PicPickerCollectionViewCell.swift; path = Classes/Compose/PicPicker/PicPickerCollectionViewCell.swift; sourceTree = "<group>"; };
		256852381D5BE10600F20A2B /* PicPickerCollectionViewCell.xib */ = {isa = PBXFileReference; fileEncoding = 4; lastKnownFileType = file.xib; name = PicPickerCollectionViewCell.xib; path = Classes/Compose/PicPicker/PicPickerCollectionViewCell.xib; sourceTree = "<group>"; };
		256852891D5D86F100F20A2B /* EmojiconAttachment.swift */ = {isa = PBXFileReference; fileEncoding = 4; lastKnownFileType = sourcecode.swift; name = EmojiconAttachment.swift; path = Classes/Tools/Emojicon/EmojiconAttachment.swift; sourceTree = "<group>"; };
		2568528A1D5D86F100F20A2B /* EmojiconViewCell.swift */ = {isa = PBXFileReference; fileEncoding = 4; lastKnownFileType = sourcecode.swift; name = EmojiconViewCell.swift; path = Classes/Tools/Emojicon/EmojiconViewCell.swift; sourceTree = "<group>"; };
		2568528B1D5D86F100F20A2B /* EmojiconViewController.swift */ = {isa = PBXFileReference; fileEncoding = 4; lastKnownFileType = sourcecode.swift; name = EmojiconViewController.swift; path = Classes/Tools/Emojicon/EmojiconViewController.swift; sourceTree = "<group>"; };
		2568528C1D5D86F100F20A2B /* Emojicon.swift */ = {isa = PBXFileReference; fileEncoding = 4; lastKnownFileType = sourcecode.swift; name = Emojicon.swift; path = Classes/Tools/Emojicon/Model/Emojicon.swift; sourceTree = "<group>"; };
		2568528D1D5D86F100F20A2B /* EmojiconManager.swift */ = {isa = PBXFileReference; fileEncoding = 4; lastKnownFileType = sourcecode.swift; name = EmojiconManager.swift; path = Classes/Tools/Emojicon/Model/EmojiconManager.swift; sourceTree = "<group>"; };
		2568528E1D5D86F100F20A2B /* EmojiconPackage.swift */ = {isa = PBXFileReference; fileEncoding = 4; lastKnownFileType = sourcecode.swift; name = EmojiconPackage.swift; path = Classes/Tools/Emojicon/Model/EmojiconPackage.swift; sourceTree = "<group>"; };
		2568528F1D5D86F100F20A2B /* UITextView-Extension.swift */ = {isa = PBXFileReference; fileEncoding = 4; lastKnownFileType = sourcecode.swift; name = "UITextView-Extension.swift"; path = "Classes/Tools/Emojicon/UITextView-Extension.swift"; sourceTree = "<group>"; };
		256852971D5D870600F20A2B /* Emoticons.bundle */ = {isa = PBXFileReference; lastKnownFileType = "wrapper.plug-in"; name = Emoticons.bundle; path = Classes/Tools/Emojicon/Emoticons.bundle; sourceTree = "<group>"; };
		256852991D5F8A4900F20A2B /* FindEmojicon.swift */ = {isa = PBXFileReference; fileEncoding = 4; lastKnownFileType = sourcecode.swift; name = FindEmojicon.swift; path = Classes/Tools/Emojicon/FindEmojicon.swift; sourceTree = "<group>"; };
		2568529B1D60967900F20A2B /* PhotoBrowerController.swift */ = {isa = PBXFileReference; fileEncoding = 4; lastKnownFileType = sourcecode.swift; name = PhotoBrowerController.swift; path = Classes/Home/PhotoBrower/PhotoBrowerController.swift; sourceTree = "<group>"; };
		2568529D1D60F3C800F20A2B /* PhotoBrowerViewCell.swift */ = {isa = PBXFileReference; fileEncoding = 4; lastKnownFileType = sourcecode.swift; name = PhotoBrowerViewCell.swift; path = Classes/Home/PhotoBrower/PhotoBrowerViewCell.swift; sourceTree = "<group>"; };
		2568529F1D610FB000F20A2B /* ProgessView.swift */ = {isa = PBXFileReference; fileEncoding = 4; lastKnownFileType = sourcecode.swift; name = ProgessView.swift; path = Classes/Home/PhotoBrower/ProgessView.swift; sourceTree = "<group>"; };
		256852A11D614E8A00F20A2B /* PhotoBrowerAnimator.swift */ = {isa = PBXFileReference; fileEncoding = 4; lastKnownFileType = sourcecode.swift; name = PhotoBrowerAnimator.swift; path = Classes/Home/PhotoBrower/PhotoBrowerAnimator.swift; sourceTree = "<group>"; };
		2595BF981D519D9B0033C2CD /* PopoverAnimator.swift */ = {isa = PBXFileReference; fileEncoding = 4; lastKnownFileType = sourcecode.swift; name = PopoverAnimator.swift; path = Classes/Home/UIPopOver/PopoverAnimator.swift; sourceTree = "<group>"; };
		25CDD8801D539CFD00252607 /* MainViewController.swift */ = {isa = PBXFileReference; fileEncoding = 4; lastKnownFileType = sourcecode.swift; name = MainViewController.swift; path = Classes/Main/MainViewController.swift; sourceTree = "<group>"; };
		25CDD8841D539D5A00252607 /* OAuthViewController.swift */ = {isa = PBXFileReference; fileEncoding = 4; lastKnownFileType = sourcecode.swift; name = OAuthViewController.swift; path = Classes/Main/OAuth/OAuthViewController.swift; sourceTree = "<group>"; };
		25CDD8851D539D5A00252607 /* OAuthViewController.xib */ = {isa = PBXFileReference; fileEncoding = 4; lastKnownFileType = file.xib; name = OAuthViewController.xib; path = Classes/Main/OAuth/OAuthViewController.xib; sourceTree = "<group>"; };
		25CDD8881D53D7C800252607 /* Common.swift */ = {isa = PBXFileReference; fileEncoding = 4; lastKnownFileType = sourcecode.swift; name = Common.swift; path = Classes/Tools/Common.swift; sourceTree = "<group>"; };
		25CDD88A1D541B1E00252607 /* NetworkTools.swift */ = {isa = PBXFileReference; fileEncoding = 4; lastKnownFileType = sourcecode.swift; name = NetworkTools.swift; path = Classes/Tools/NetworkTools.swift; sourceTree = "<group>"; };
		25CDD88C1D5429B000252607 /* UserAccount.swift */ = {isa = PBXFileReference; fileEncoding = 4; lastKnownFileType = sourcecode.swift; name = UserAccount.swift; path = Classes/Main/OAuth/UserAccount.swift; sourceTree = "<group>"; };
		25CDD8901D54654700252607 /* UserAccountViewModel.swift */ = {isa = PBXFileReference; fileEncoding = 4; lastKnownFileType = sourcecode.swift; name = UserAccountViewModel.swift; path = Classes/Main/OAuth/UserAccountViewModel.swift; sourceTree = "<group>"; };
		25CDD8921D546C0F00252607 /* WelcomeViewController.swift */ = {isa = PBXFileReference; fileEncoding = 4; lastKnownFileType = sourcecode.swift; name = WelcomeViewController.swift; path = Classes/Main/Welcome/WelcomeViewController.swift; sourceTree = "<group>"; };
		25CDD8931D546C0F00252607 /* WelcomeViewController.xib */ = {isa = PBXFileReference; fileEncoding = 4; lastKnownFileType = file.xib; name = WelcomeViewController.xib; path = Classes/Main/Welcome/WelcomeViewController.xib; sourceTree = "<group>"; };
		25CDD8961D5594B600252607 /* Status.swift */ = {isa = PBXFileReference; fileEncoding = 4; lastKnownFileType = sourcecode.swift; name = Status.swift; path = Classes/Home/HomeModel/Status.swift; sourceTree = "<group>"; };
		25CDD8D61D55BEE800252607 /* NSDate-Extension.swift */ = {isa = PBXFileReference; fileEncoding = 4; lastKnownFileType = sourcecode.swift; name = "NSDate-Extension.swift"; path = "Classes/Tools/Category/NSDate-Extension.swift"; sourceTree = "<group>"; };
		25CDD8D81D5652E800252607 /* User.swift */ = {isa = PBXFileReference; fileEncoding = 4; lastKnownFileType = sourcecode.swift; name = User.swift; path = Classes/Home/HomeModel/User.swift; sourceTree = "<group>"; };
		25CE8CE61D4879CC0069D660 /* AwesomeWeibo.app */ = {isa = PBXFileReference; explicitFileType = wrapper.application; includeInIndex = 0; path = AwesomeWeibo.app; sourceTree = BUILT_PRODUCTS_DIR; };
		25CE8CE91D4879CC0069D660 /* AppDelegate.swift */ = {isa = PBXFileReference; lastKnownFileType = sourcecode.swift; path = AppDelegate.swift; sourceTree = "<group>"; };
		25CE8CEE1D4879CC0069D660 /* Base */ = {isa = PBXFileReference; lastKnownFileType = file.storyboard; name = Base; path = Base.lproj/Main.storyboard; sourceTree = "<group>"; };
		25CE8CF01D4879CC0069D660 /* Assets.xcassets */ = {isa = PBXFileReference; lastKnownFileType = folder.assetcatalog; path = Assets.xcassets; sourceTree = "<group>"; };
		25CE8CF31D4879CC0069D660 /* Base */ = {isa = PBXFileReference; lastKnownFileType = file.storyboard; name = Base; path = Base.lproj/LaunchScreen.storyboard; sourceTree = "<group>"; };
		25CE8CF51D4879CC0069D660 /* Info.plist */ = {isa = PBXFileReference; lastKnownFileType = text.plist.xml; path = Info.plist; sourceTree = "<group>"; };
		25CE8CFA1D4879CC0069D660 /* AwesomeWeiboTests.xctest */ = {isa = PBXFileReference; explicitFileType = wrapper.cfbundle; includeInIndex = 0; path = AwesomeWeiboTests.xctest; sourceTree = BUILT_PRODUCTS_DIR; };
		25CE8CFE1D4879CC0069D660 /* AwesomeWeiboTests.swift */ = {isa = PBXFileReference; lastKnownFileType = sourcecode.swift; path = AwesomeWeiboTests.swift; sourceTree = "<group>"; };
		25CE8D001D4879CC0069D660 /* Info.plist */ = {isa = PBXFileReference; lastKnownFileType = text.plist.xml; path = Info.plist; sourceTree = "<group>"; };
		25CE8D051D4879CC0069D660 /* AwesomeWeiboUITests.xctest */ = {isa = PBXFileReference; explicitFileType = wrapper.cfbundle; includeInIndex = 0; path = AwesomeWeiboUITests.xctest; sourceTree = BUILT_PRODUCTS_DIR; };
		25CE8D091D4879CC0069D660 /* AwesomeWeiboUITests.swift */ = {isa = PBXFileReference; lastKnownFileType = sourcecode.swift; path = AwesomeWeiboUITests.swift; sourceTree = "<group>"; };
		25CE8D0B1D4879CC0069D660 /* Info.plist */ = {isa = PBXFileReference; lastKnownFileType = text.plist.xml; path = Info.plist; sourceTree = "<group>"; };
		25CE8D171D489BF20069D660 /* Classes */ = {isa = PBXFileReference; lastKnownFileType = folder; path = Classes; sourceTree = "<group>"; };
		25CE8D3A1D49C62C0069D660 /* DiscoverViewController.swift */ = {isa = PBXFileReference; fileEncoding = 4; lastKnownFileType = sourcecode.swift; name = DiscoverViewController.swift; path = Classes/Discover/DiscoverViewController.swift; sourceTree = "<group>"; };
		25CE8D3C1D49C6310069D660 /* HomeViewController.swift */ = {isa = PBXFileReference; fileEncoding = 4; lastKnownFileType = sourcecode.swift; name = HomeViewController.swift; path = Classes/Home/HomeViewController.swift; sourceTree = "<group>"; };
		25CE8D3E1D49C6360069D660 /* MessageViewController.swift */ = {isa = PBXFileReference; fileEncoding = 4; lastKnownFileType = sourcecode.swift; name = MessageViewController.swift; path = Classes/Message/MessageViewController.swift; sourceTree = "<group>"; };
		25CE8D401D49C63A0069D660 /* ProfileViewController.swift */ = {isa = PBXFileReference; fileEncoding = 4; lastKnownFileType = sourcecode.swift; name = ProfileViewController.swift; path = Classes/Profile/ProfileViewController.swift; sourceTree = "<group>"; };
		25CE8D421D49C7430069D660 /* Discover.storyboard */ = {isa = PBXFileReference; fileEncoding = 4; lastKnownFileType = file.storyboard; name = Discover.storyboard; path = Classes/Discover/Discover.storyboard; sourceTree = "<group>"; };
		25CE8D441D49C7960069D660 /* Home.storyboard */ = {isa = PBXFileReference; fileEncoding = 4; lastKnownFileType = file.storyboard; name = Home.storyboard; path = Classes/Home/Home.storyboard; sourceTree = "<group>"; };
		25CE8D461D49C7E10069D660 /* Message.storyboard */ = {isa = PBXFileReference; fileEncoding = 4; lastKnownFileType = file.storyboard; name = Message.storyboard; path = Classes/Message/Message.storyboard; sourceTree = "<group>"; };
		25CE8D481D49C81E0069D660 /* Profile.storyboard */ = {isa = PBXFileReference; fileEncoding = 4; lastKnownFileType = file.storyboard; name = Profile.storyboard; path = Classes/Profile/Profile.storyboard; sourceTree = "<group>"; };
		25CE8D4B1D49C9CC0069D660 /* Base */ = {isa = PBXFileReference; lastKnownFileType = file.storyboard; name = Base; path = Base.lproj/null.storyboard; sourceTree = "<group>"; };
		307B8BCDCFDFE65D0D1CBA4F /* Pods_AwesomeWeiboTests.framework */ = {isa = PBXFileReference; explicitFileType = wrapper.framework; includeInIndex = 0; path = Pods_AwesomeWeiboTests.framework; sourceTree = BUILT_PRODUCTS_DIR; };
		4E80055EEBF83616754A6CB0 /* Pods_AwesomeWeibo.framework */ = {isa = PBXFileReference; explicitFileType = wrapper.framework; includeInIndex = 0; path = Pods_AwesomeWeibo.framework; sourceTree = BUILT_PRODUCTS_DIR; };
		9C0A3E27125B925864CFE40B /* Pods-AwesomeWeiboUITests.debug.xcconfig */ = {isa = PBXFileReference; includeInIndex = 1; lastKnownFileType = text.xcconfig; name = "Pods-AwesomeWeiboUITests.debug.xcconfig"; path = "Pods/Target Support Files/Pods-AwesomeWeiboUITests/Pods-AwesomeWeiboUITests.debug.xcconfig"; sourceTree = "<group>"; };
		A44E98AEAF9190AC607A0DCF /* Pods-AwesomeWeiboTests.release.xcconfig */ = {isa = PBXFileReference; includeInIndex = 1; lastKnownFileType = text.xcconfig; name = "Pods-AwesomeWeiboTests.release.xcconfig"; path = "Pods/Target Support Files/Pods-AwesomeWeiboTests/Pods-AwesomeWeiboTests.release.xcconfig"; sourceTree = "<group>"; };
		C209B87D5F3EAE8E1CA03AC6 /* Pods-AwesomeWeibo.debug.xcconfig */ = {isa = PBXFileReference; includeInIndex = 1; lastKnownFileType = text.xcconfig; name = "Pods-AwesomeWeibo.debug.xcconfig"; path = "Pods/Target Support Files/Pods-AwesomeWeibo/Pods-AwesomeWeibo.debug.xcconfig"; sourceTree = "<group>"; };
		D352FD2DF686F31F9A63E7A1 /* Pods-AwesomeWeiboTests.debug.xcconfig */ = {isa = PBXFileReference; includeInIndex = 1; lastKnownFileType = text.xcconfig; name = "Pods-AwesomeWeiboTests.debug.xcconfig"; path = "Pods/Target Support Files/Pods-AwesomeWeiboTests/Pods-AwesomeWeiboTests.debug.xcconfig"; sourceTree = "<group>"; };
		EF7A5D6123850FF0EB1CDD1F /* Pods-AwesomeWeiboUITests.release.xcconfig */ = {isa = PBXFileReference; includeInIndex = 1; lastKnownFileType = text.xcconfig; name = "Pods-AwesomeWeiboUITests.release.xcconfig"; path = "Pods/Target Support Files/Pods-AwesomeWeiboUITests/Pods-AwesomeWeiboUITests.release.xcconfig"; sourceTree = "<group>"; };
/* End PBXFileReference section */

/* Begin PBXFrameworksBuildPhase section */
		25CE8CE31D4879CC0069D660 /* Frameworks */ = {
			isa = PBXFrameworksBuildPhase;
			buildActionMask = 2147483647;
			files = (
				65BBBE4FAD6FF7B45E2AE099 /* Pods_AwesomeWeibo.framework in Frameworks */,
			);
			runOnlyForDeploymentPostprocessing = 0;
		};
		25CE8CF71D4879CC0069D660 /* Frameworks */ = {
			isa = PBXFrameworksBuildPhase;
			buildActionMask = 2147483647;
			files = (
				893C803C979EABF4B1365353 /* Pods_AwesomeWeiboTests.framework in Frameworks */,
			);
			runOnlyForDeploymentPostprocessing = 0;
		};
		25CE8D021D4879CC0069D660 /* Frameworks */ = {
			isa = PBXFrameworksBuildPhase;
			buildActionMask = 2147483647;
			files = (
				1A3D2418DDB8E320A8D7485D /* Pods_AwesomeWeiboUITests.framework in Frameworks */,
			);
			runOnlyForDeploymentPostprocessing = 0;
		};
/* End PBXFrameworksBuildPhase section */

/* Begin PBXGroup section */
		062B2EC357FDF3135D3534C1 /* Pods */ = {
			isa = PBXGroup;
			children = (
				C209B87D5F3EAE8E1CA03AC6 /* Pods-AwesomeWeibo.debug.xcconfig */,
				1371DB8F890AE6CD22E603A8 /* Pods-AwesomeWeibo.release.xcconfig */,
				D352FD2DF686F31F9A63E7A1 /* Pods-AwesomeWeiboTests.debug.xcconfig */,
				A44E98AEAF9190AC607A0DCF /* Pods-AwesomeWeiboTests.release.xcconfig */,
				9C0A3E27125B925864CFE40B /* Pods-AwesomeWeiboUITests.debug.xcconfig */,
				EF7A5D6123850FF0EB1CDD1F /* Pods-AwesomeWeiboUITests.release.xcconfig */,
			);
			name = Pods;
			sourceTree = "<group>";
		};
		25CE8CDD1D4879CC0069D660 = {
			isa = PBXGroup;
			children = (
				25000A8F1D4B1E0500FE413E /* BaseViewController.swift */,
				25CE8CE81D4879CC0069D660 /* AwesomeWeibo */,
				25CE8CFD1D4879CC0069D660 /* AwesomeWeiboTests */,
				25CE8D081D4879CC0069D660 /* AwesomeWeiboUITests */,
				25CE8CE71D4879CC0069D660 /* Products */,
				062B2EC357FDF3135D3534C1 /* Pods */,
				9FFF292B44AE680F945372B7 /* Frameworks */,
			);
			sourceTree = "<group>";
		};
		25CE8CE71D4879CC0069D660 /* Products */ = {
			isa = PBXGroup;
			children = (
				25CE8CE61D4879CC0069D660 /* AwesomeWeibo.app */,
				25CE8CFA1D4879CC0069D660 /* AwesomeWeiboTests.xctest */,
				25CE8D051D4879CC0069D660 /* AwesomeWeiboUITests.xctest */,
			);
			name = Products;
			sourceTree = "<group>";
		};
		25CE8CE81D4879CC0069D660 /* AwesomeWeibo */ = {
			isa = PBXGroup;
			children = (
				25CE8D171D489BF20069D660 /* Classes */,
				25CE8CE91D4879CC0069D660 /* AppDelegate.swift */,
				25CDD8801D539CFD00252607 /* MainViewController.swift */,
				25CDD88C1D5429B000252607 /* UserAccount.swift */,
				25CDD8901D54654700252607 /* UserAccountViewModel.swift */,
				2568529B1D60967900F20A2B /* PhotoBrowerController.swift */,
				25CDD8881D53D7C800252607 /* Common.swift */,
				256852891D5D86F100F20A2B /* EmojiconAttachment.swift */,
				256852A11D614E8A00F20A2B /* PhotoBrowerAnimator.swift */,
				2568528A1D5D86F100F20A2B /* EmojiconViewCell.swift */,
				256852971D5D870600F20A2B /* Emoticons.bundle */,
				2568528B1D5D86F100F20A2B /* EmojiconViewController.swift */,
				256852991D5F8A4900F20A2B /* FindEmojicon.swift */,
				2568528C1D5D86F100F20A2B /* Emojicon.swift */,
				2568528D1D5D86F100F20A2B /* EmojiconManager.swift */,
				2568528E1D5D86F100F20A2B /* EmojiconPackage.swift */,
				2568528F1D5D86F100F20A2B /* UITextView-Extension.swift */,
				2568529D1D60F3C800F20A2B /* PhotoBrowerViewCell.swift */,
				256852371D5BE10600F20A2B /* PicPickerCollectionViewCell.swift */,
				256852381D5BE10600F20A2B /* PicPickerCollectionViewCell.xib */,
				251804D51D584AB500FE4A41 /* PicCollectionView.swift */,
				2595BF981D519D9B0033C2CD /* PopoverAnimator.swift */,
				256852351D5BCCD200F20A2B /* PicPickerCollectionView.swift */,
				25CDD88A1D541B1E00252607 /* NetworkTools.swift */,
				25CDD8961D5594B600252607 /* Status.swift */,
				25000A971D4C935B00FE413E /* PopOverViewController.swift */,
				25CDD8D61D55BEE800252607 /* NSDate-Extension.swift */,
				25000A9B1D4EAF8300FE413E /* TitleMenuPresentationController.swift */,
				251804D31D57008100FE4A41 /* HomeViewCell.swift */,
				25CDD8921D546C0F00252607 /* WelcomeViewController.swift */,
				25CDD8931D546C0F00252607 /* WelcomeViewController.xib */,
				256852331D5AED9100F20A2B /* ComposeTitleView.swift */,
				25000A981D4C935B00FE413E /* PopOverViewController.xib */,
				256852311D5AE9E900F20A2B /* ComposeTextView.swift */,
				25000A951D4C89CD00FE413E /* TitleButton.swift */,
				25000A911D4B20AD00FE413E /* VisitorView.swift */,
				25CE8D3A1D49C62C0069D660 /* DiscoverViewController.swift */,
				25CDD8841D539D5A00252607 /* OAuthViewController.swift */,
				25CDD8851D539D5A00252607 /* OAuthViewController.xib */,
				25CE8D3C1D49C6310069D660 /* HomeViewController.swift */,
				25CE8D3E1D49C6360069D660 /* MessageViewController.swift */,
				25CE8D401D49C63A0069D660 /* ProfileViewController.swift */,
				25000A931D4B20FC00FE413E /* VisitorView.xib */,
				25CE8CED1D4879CC0069D660 /* Main.storyboard */,
				25000A8D1D4AB3AC00FE413E /* UIButton-Extension.swift */,
				2568529F1D610FB000F20A2B /* ProgessView.swift */,
				251804D11D569A4400FE4A41 /* StatusViewModel.swift */,
				25CE8D4A1D49C9CC0069D660 /* null.storyboard */,
				25CDD8D81D5652E800252607 /* User.swift */,
				25CE8D461D49C7E10069D660 /* Message.storyboard */,
				2568522D1D5AE3A000F20A2B /* ComposeViewController.swift */,
				2568522E1D5AE3A000F20A2B /* ComposeViewController.xib */,
				25CE8D441D49C7960069D660 /* Home.storyboard */,
				25CE8D421D49C7430069D660 /* Discover.storyboard */,
				25CE8D481D49C81E0069D660 /* Profile.storyboard */,
				25CE8CF01D4879CC0069D660 /* Assets.xcassets */,
				25CE8CF21D4879CC0069D660 /* LaunchScreen.storyboard */,
				25CE8CF51D4879CC0069D660 /* Info.plist */,
			);
			path = AwesomeWeibo;
			sourceTree = "<group>";
		};
		25CE8CFD1D4879CC0069D660 /* AwesomeWeiboTests */ = {
			isa = PBXGroup;
			children = (
				25CE8CFE1D4879CC0069D660 /* AwesomeWeiboTests.swift */,
				25CE8D001D4879CC0069D660 /* Info.plist */,
			);
			path = AwesomeWeiboTests;
			sourceTree = "<group>";
		};
		25CE8D081D4879CC0069D660 /* AwesomeWeiboUITests */ = {
			isa = PBXGroup;
			children = (
				25CE8D091D4879CC0069D660 /* AwesomeWeiboUITests.swift */,
				25CE8D0B1D4879CC0069D660 /* Info.plist */,
			);
			path = AwesomeWeiboUITests;
			sourceTree = "<group>";
		};
		9FFF292B44AE680F945372B7 /* Frameworks */ = {
			isa = PBXGroup;
			children = (
				4E80055EEBF83616754A6CB0 /* Pods_AwesomeWeibo.framework */,
				307B8BCDCFDFE65D0D1CBA4F /* Pods_AwesomeWeiboTests.framework */,
				1F5643F41889B357A6AE00CF /* Pods_AwesomeWeiboUITests.framework */,
			);
			name = Frameworks;
			sourceTree = "<group>";
		};
/* End PBXGroup section */

/* Begin PBXNativeTarget section */
		25CE8CE51D4879CC0069D660 /* AwesomeWeibo */ = {
			isa = PBXNativeTarget;
			buildConfigurationList = 25CE8D0E1D4879CC0069D660 /* Build configuration list for PBXNativeTarget "AwesomeWeibo" */;
			buildPhases = (
				C2ED5DA1222721458B045076 /* 📦 Check Pods Manifest.lock */,
				25CE8CE21D4879CC0069D660 /* Sources */,
				25CE8CE31D4879CC0069D660 /* Frameworks */,
				25CE8CE41D4879CC0069D660 /* Resources */,
				D22F4FCB8D99E2424342BF91 /* 📦 Embed Pods Frameworks */,
				0280EFBC4C21DEDC39A26473 /* 📦 Copy Pods Resources */,
			);
			buildRules = (
			);
			dependencies = (
			);
			name = AwesomeWeibo;
			productName = AwesomeWeibo;
			productReference = 25CE8CE61D4879CC0069D660 /* AwesomeWeibo.app */;
			productType = "com.apple.product-type.application";
		};
		25CE8CF91D4879CC0069D660 /* AwesomeWeiboTests */ = {
			isa = PBXNativeTarget;
			buildConfigurationList = 25CE8D111D4879CC0069D660 /* Build configuration list for PBXNativeTarget "AwesomeWeiboTests" */;
			buildPhases = (
				87D4FB228A8740A9D99CB40E /* 📦 Check Pods Manifest.lock */,
				25CE8CF61D4879CC0069D660 /* Sources */,
				25CE8CF71D4879CC0069D660 /* Frameworks */,
				25CE8CF81D4879CC0069D660 /* Resources */,
				E24C6AA191116F407BB297B0 /* 📦 Embed Pods Frameworks */,
				4C7EA913271B1D1F28181DC2 /* 📦 Copy Pods Resources */,
			);
			buildRules = (
			);
			dependencies = (
				25CE8CFC1D4879CC0069D660 /* PBXTargetDependency */,
			);
			name = AwesomeWeiboTests;
			productName = AwesomeWeiboTests;
			productReference = 25CE8CFA1D4879CC0069D660 /* AwesomeWeiboTests.xctest */;
			productType = "com.apple.product-type.bundle.unit-test";
		};
		25CE8D041D4879CC0069D660 /* AwesomeWeiboUITests */ = {
			isa = PBXNativeTarget;
			buildConfigurationList = 25CE8D141D4879CC0069D660 /* Build configuration list for PBXNativeTarget "AwesomeWeiboUITests" */;
			buildPhases = (
				89963D7C20C4B96F06985226 /* 📦 Check Pods Manifest.lock */,
				25CE8D011D4879CC0069D660 /* Sources */,
				25CE8D021D4879CC0069D660 /* Frameworks */,
				25CE8D031D4879CC0069D660 /* Resources */,
				A91CAF65F8F28567C9A60823 /* 📦 Copy Pods Resources */,
			);
			buildRules = (
			);
			dependencies = (
				25CE8D071D4879CC0069D660 /* PBXTargetDependency */,
			);
			name = AwesomeWeiboUITests;
			productName = AwesomeWeiboUITests;
			productReference = 25CE8D051D4879CC0069D660 /* AwesomeWeiboUITests.xctest */;
			productType = "com.apple.product-type.bundle.ui-testing";
		};
/* End PBXNativeTarget section */

/* Begin PBXProject section */
		25CE8CDE1D4879CC0069D660 /* Project object */ = {
			isa = PBXProject;
			attributes = {
				LastSwiftUpdateCheck = 0720;
				LastUpgradeCheck = 0720;
				ORGANIZATIONNAME = "Jia Liu";
				TargetAttributes = {
					25CE8CE51D4879CC0069D660 = {
						CreatedOnToolsVersion = 7.2.1;
						DevelopmentTeam = TA69W8BC6P;
					};
					25CE8CF91D4879CC0069D660 = {
						CreatedOnToolsVersion = 7.2.1;
						DevelopmentTeam = TA69W8BC6P;
						TestTargetID = 25CE8CE51D4879CC0069D660;
					};
					25CE8D041D4879CC0069D660 = {
						CreatedOnToolsVersion = 7.2.1;
						DevelopmentTeam = TA69W8BC6P;
						TestTargetID = 25CE8CE51D4879CC0069D660;
					};
				};
			};
			buildConfigurationList = 25CE8CE11D4879CC0069D660 /* Build configuration list for PBXProject "AwesomeWeibo" */;
			compatibilityVersion = "Xcode 3.2";
			developmentRegion = English;
			hasScannedForEncodings = 0;
			knownRegions = (
				en,
				Base,
			);
			mainGroup = 25CE8CDD1D4879CC0069D660;
			productRefGroup = 25CE8CE71D4879CC0069D660 /* Products */;
			projectDirPath = "";
			projectRoot = "";
			targets = (
				25CE8CE51D4879CC0069D660 /* AwesomeWeibo */,
				25CE8CF91D4879CC0069D660 /* AwesomeWeiboTests */,
				25CE8D041D4879CC0069D660 /* AwesomeWeiboUITests */,
			);
		};
/* End PBXProject section */

/* Begin PBXResourcesBuildPhase section */
		25CE8CE41D4879CC0069D660 /* Resources */ = {
			isa = PBXResourcesBuildPhase;
			buildActionMask = 2147483647;
			files = (
				25CE8CF41D4879CC0069D660 /* LaunchScreen.storyboard in Resources */,
				25000A941D4B20FC00FE413E /* VisitorView.xib in Resources */,
				25CE8D181D489BF20069D660 /* Classes in Resources */,
				25CDD8951D546C0F00252607 /* WelcomeViewController.xib in Resources */,
				25CE8D451D49C7960069D660 /* Home.storyboard in Resources */,
				25CDD8871D539D5A00252607 /* OAuthViewController.xib in Resources */,
				25000A9A1D4C935B00FE413E /* PopOverViewController.xib in Resources */,
				25CE8CF11D4879CC0069D660 /* Assets.xcassets in Resources */,
				25CE8D471D49C7E10069D660 /* Message.storyboard in Resources */,
				256852981D5D870600F20A2B /* Emoticons.bundle in Resources */,
				25CE8D491D49C81E0069D660 /* Profile.storyboard in Resources */,
				25CE8D4C1D49C9CC0069D660 /* null.storyboard in Resources */,
				256852301D5AE3A000F20A2B /* ComposeViewController.xib in Resources */,
				25CE8CEF1D4879CC0069D660 /* Main.storyboard in Resources */,
				25CE8D431D49C7430069D660 /* Discover.storyboard in Resources */,
				2568523A1D5BE10600F20A2B /* PicPickerCollectionViewCell.xib in Resources */,
			);
			runOnlyForDeploymentPostprocessing = 0;
		};
		25CE8CF81D4879CC0069D660 /* Resources */ = {
			isa = PBXResourcesBuildPhase;
			buildActionMask = 2147483647;
			files = (
			);
			runOnlyForDeploymentPostprocessing = 0;
		};
		25CE8D031D4879CC0069D660 /* Resources */ = {
			isa = PBXResourcesBuildPhase;
			buildActionMask = 2147483647;
			files = (
			);
			runOnlyForDeploymentPostprocessing = 0;
		};
/* End PBXResourcesBuildPhase section */

/* Begin PBXShellScriptBuildPhase section */
		0280EFBC4C21DEDC39A26473 /* 📦 Copy Pods Resources */ = {
			isa = PBXShellScriptBuildPhase;
			buildActionMask = 2147483647;
			files = (
			);
			inputPaths = (
			);
			name = "📦 Copy Pods Resources";
			outputPaths = (
			);
			runOnlyForDeploymentPostprocessing = 0;
			shellPath = /bin/sh;
			shellScript = "\"${SRCROOT}/Pods/Target Support Files/Pods-AwesomeWeibo/Pods-AwesomeWeibo-resources.sh\"\n";
			showEnvVarsInLog = 0;
		};
		4C7EA913271B1D1F28181DC2 /* 📦 Copy Pods Resources */ = {
			isa = PBXShellScriptBuildPhase;
			buildActionMask = 2147483647;
			files = (
			);
			inputPaths = (
			);
			name = "📦 Copy Pods Resources";
			outputPaths = (
			);
			runOnlyForDeploymentPostprocessing = 0;
			shellPath = /bin/sh;
			shellScript = "\"${SRCROOT}/Pods/Target Support Files/Pods-AwesomeWeiboTests/Pods-AwesomeWeiboTests-resources.sh\"\n";
			showEnvVarsInLog = 0;
		};
		87D4FB228A8740A9D99CB40E /* 📦 Check Pods Manifest.lock */ = {
			isa = PBXShellScriptBuildPhase;
			buildActionMask = 2147483647;
			files = (
			);
			inputPaths = (
			);
			name = "📦 Check Pods Manifest.lock";
			outputPaths = (
			);
			runOnlyForDeploymentPostprocessing = 0;
			shellPath = /bin/sh;
			shellScript = "diff \"${PODS_ROOT}/../Podfile.lock\" \"${PODS_ROOT}/Manifest.lock\" > /dev/null\nif [[ $? != 0 ]] ; then\n    cat << EOM\nerror: The sandbox is not in sync with the Podfile.lock. Run 'pod install' or update your CocoaPods installation.\nEOM\n    exit 1\nfi\n";
			showEnvVarsInLog = 0;
		};
		89963D7C20C4B96F06985226 /* 📦 Check Pods Manifest.lock */ = {
			isa = PBXShellScriptBuildPhase;
			buildActionMask = 2147483647;
			files = (
			);
			inputPaths = (
			);
			name = "📦 Check Pods Manifest.lock";
			outputPaths = (
			);
			runOnlyForDeploymentPostprocessing = 0;
			shellPath = /bin/sh;
			shellScript = "diff \"${PODS_ROOT}/../Podfile.lock\" \"${PODS_ROOT}/Manifest.lock\" > /dev/null\nif [[ $? != 0 ]] ; then\n    cat << EOM\nerror: The sandbox is not in sync with the Podfile.lock. Run 'pod install' or update your CocoaPods installation.\nEOM\n    exit 1\nfi\n";
			showEnvVarsInLog = 0;
		};
		A91CAF65F8F28567C9A60823 /* 📦 Copy Pods Resources */ = {
			isa = PBXShellScriptBuildPhase;
			buildActionMask = 2147483647;
			files = (
			);
			inputPaths = (
			);
			name = "📦 Copy Pods Resources";
			outputPaths = (
			);
			runOnlyForDeploymentPostprocessing = 0;
			shellPath = /bin/sh;
			shellScript = "\"${SRCROOT}/Pods/Target Support Files/Pods-AwesomeWeiboUITests/Pods-AwesomeWeiboUITests-resources.sh\"\n";
			showEnvVarsInLog = 0;
		};
		C2ED5DA1222721458B045076 /* 📦 Check Pods Manifest.lock */ = {
			isa = PBXShellScriptBuildPhase;
			buildActionMask = 2147483647;
			files = (
			);
			inputPaths = (
			);
			name = "📦 Check Pods Manifest.lock";
			outputPaths = (
			);
			runOnlyForDeploymentPostprocessing = 0;
			shellPath = /bin/sh;
			shellScript = "diff \"${PODS_ROOT}/../Podfile.lock\" \"${PODS_ROOT}/Manifest.lock\" > /dev/null\nif [[ $? != 0 ]] ; then\n    cat << EOM\nerror: The sandbox is not in sync with the Podfile.lock. Run 'pod install' or update your CocoaPods installation.\nEOM\n    exit 1\nfi\n";
			showEnvVarsInLog = 0;
		};
		D22F4FCB8D99E2424342BF91 /* 📦 Embed Pods Frameworks */ = {
			isa = PBXShellScriptBuildPhase;
			buildActionMask = 2147483647;
			files = (
			);
			inputPaths = (
			);
			name = "📦 Embed Pods Frameworks";
			outputPaths = (
			);
			runOnlyForDeploymentPostprocessing = 0;
			shellPath = /bin/sh;
			shellScript = "\"${SRCROOT}/Pods/Target Support Files/Pods-AwesomeWeibo/Pods-AwesomeWeibo-frameworks.sh\"\n";
			showEnvVarsInLog = 0;
		};
		E24C6AA191116F407BB297B0 /* 📦 Embed Pods Frameworks */ = {
			isa = PBXShellScriptBuildPhase;
			buildActionMask = 2147483647;
			files = (
			);
			inputPaths = (
			);
			name = "📦 Embed Pods Frameworks";
			outputPaths = (
			);
			runOnlyForDeploymentPostprocessing = 0;
			shellPath = /bin/sh;
			shellScript = "\"${SRCROOT}/Pods/Target Support Files/Pods-AwesomeWeiboTests/Pods-AwesomeWeiboTests-frameworks.sh\"\n";
			showEnvVarsInLog = 0;
		};
/* End PBXShellScriptBuildPhase section */

/* Begin PBXSourcesBuildPhase section */
		25CE8CE21D4879CC0069D660 /* Sources */ = {
			isa = PBXSourcesBuildPhase;
			buildActionMask = 2147483647;
			files = (
				256852911D5D86F100F20A2B /* EmojiconViewCell.swift in Sources */,
				251804D61D584AB500FE4A41 /* PicCollectionView.swift in Sources */,
				256852A21D614E8A00F20A2B /* PhotoBrowerAnimator.swift in Sources */,
				25CDD8861D539D5A00252607 /* OAuthViewController.swift in Sources */,
				25CDD8911D54654700252607 /* UserAccountViewModel.swift in Sources */,
				256852951D5D86F100F20A2B /* EmojiconPackage.swift in Sources */,
				256852921D5D86F100F20A2B /* EmojiconViewController.swift in Sources */,
				25CE8D411D49C63A0069D660 /* ProfileViewController.swift in Sources */,
				256852341D5AED9100F20A2B /* ComposeTitleView.swift in Sources */,
				25000A8E1D4AB3AC00FE413E /* UIButton-Extension.swift in Sources */,
				2568522F1D5AE3A000F20A2B /* ComposeViewController.swift in Sources */,
				25CE8D3B1D49C62C0069D660 /* DiscoverViewController.swift in Sources */,
				256852941D5D86F100F20A2B /* EmojiconManager.swift in Sources */,
				25000A9C1D4EAF8300FE413E /* TitleMenuPresentationController.swift in Sources */,
				25CE8CEA1D4879CC0069D660 /* AppDelegate.swift in Sources */,
				25000A991D4C935B00FE413E /* PopOverViewController.swift in Sources */,
				256852321D5AE9E900F20A2B /* ComposeTextView.swift in Sources */,
				25CDD8811D539CFD00252607 /* MainViewController.swift in Sources */,
				256852931D5D86F100F20A2B /* Emojicon.swift in Sources */,
				25CDD88D1D5429B000252607 /* UserAccount.swift in Sources */,
				2568529C1D60967900F20A2B /* PhotoBrowerController.swift in Sources */,
				256852A01D610FB000F20A2B /* ProgessView.swift in Sources */,
				25CDD8D91D5652E800252607 /* User.swift in Sources */,
				25CDD8D71D55BEE800252607 /* NSDate-Extension.swift in Sources */,
				25CDD88B1D541B1E00252607 /* NetworkTools.swift in Sources */,
				256852361D5BCCD200F20A2B /* PicPickerCollectionView.swift in Sources */,
				256852901D5D86F100F20A2B /* EmojiconAttachment.swift in Sources */,
				25CDD8971D5594B600252607 /* Status.swift in Sources */,
				2568529E1D60F3C800F20A2B /* PhotoBrowerViewCell.swift in Sources */,
				256852391D5BE10600F20A2B /* PicPickerCollectionViewCell.swift in Sources */,
				2595BF991D519D9B0033C2CD /* PopoverAnimator.swift in Sources */,
				25000A901D4B1E0500FE413E /* BaseViewController.swift in Sources */,
				25000A921D4B20AD00FE413E /* VisitorView.swift in Sources */,
				256852961D5D86F100F20A2B /* UITextView-Extension.swift in Sources */,
				251804D41D57008100FE4A41 /* HomeViewCell.swift in Sources */,
				251804D21D569A4400FE4A41 /* StatusViewModel.swift in Sources */,
				2568529A1D5F8A4900F20A2B /* FindEmojicon.swift in Sources */,
				25CE8D3D1D49C6310069D660 /* HomeViewController.swift in Sources */,
				25000A961D4C89CD00FE413E /* TitleButton.swift in Sources */,
				25CDD8891D53D7C800252607 /* Common.swift in Sources */,
				25CE8D3F1D49C6360069D660 /* MessageViewController.swift in Sources */,
				25CDD8941D546C0F00252607 /* WelcomeViewController.swift in Sources */,
			);
			runOnlyForDeploymentPostprocessing = 0;
		};
		25CE8CF61D4879CC0069D660 /* Sources */ = {
			isa = PBXSourcesBuildPhase;
			buildActionMask = 2147483647;
			files = (
				25CE8CFF1D4879CC0069D660 /* AwesomeWeiboTests.swift in Sources */,
			);
			runOnlyForDeploymentPostprocessing = 0;
		};
		25CE8D011D4879CC0069D660 /* Sources */ = {
			isa = PBXSourcesBuildPhase;
			buildActionMask = 2147483647;
			files = (
				25CE8D0A1D4879CC0069D660 /* AwesomeWeiboUITests.swift in Sources */,
			);
			runOnlyForDeploymentPostprocessing = 0;
		};
/* End PBXSourcesBuildPhase section */

/* Begin PBXTargetDependency section */
		25CE8CFC1D4879CC0069D660 /* PBXTargetDependency */ = {
			isa = PBXTargetDependency;
			target = 25CE8CE51D4879CC0069D660 /* AwesomeWeibo */;
			targetProxy = 25CE8CFB1D4879CC0069D660 /* PBXContainerItemProxy */;
		};
		25CE8D071D4879CC0069D660 /* PBXTargetDependency */ = {
			isa = PBXTargetDependency;
			target = 25CE8CE51D4879CC0069D660 /* AwesomeWeibo */;
			targetProxy = 25CE8D061D4879CC0069D660 /* PBXContainerItemProxy */;
		};
/* End PBXTargetDependency section */

/* Begin PBXVariantGroup section */
		25CE8CED1D4879CC0069D660 /* Main.storyboard */ = {
			isa = PBXVariantGroup;
			children = (
				25CE8CEE1D4879CC0069D660 /* Base */,
			);
			name = Main.storyboard;
			sourceTree = "<group>";
		};
		25CE8CF21D4879CC0069D660 /* LaunchScreen.storyboard */ = {
			isa = PBXVariantGroup;
			children = (
				25CE8CF31D4879CC0069D660 /* Base */,
			);
			name = LaunchScreen.storyboard;
			sourceTree = "<group>";
		};
		25CE8D4A1D49C9CC0069D660 /* null.storyboard */ = {
			isa = PBXVariantGroup;
			children = (
				25CE8D4B1D49C9CC0069D660 /* Base */,
			);
			name = null.storyboard;
			sourceTree = "<group>";
		};
/* End PBXVariantGroup section */

/* Begin XCBuildConfiguration section */
		25CE8D0C1D4879CC0069D660 /* Debug */ = {
			isa = XCBuildConfiguration;
			buildSettings = {
				ALWAYS_SEARCH_USER_PATHS = NO;
				CLANG_CXX_LANGUAGE_STANDARD = "gnu++0x";
				CLANG_CXX_LIBRARY = "libc++";
				CLANG_ENABLE_MODULES = YES;
				CLANG_ENABLE_OBJC_ARC = YES;
				CLANG_WARN_BOOL_CONVERSION = YES;
				CLANG_WARN_CONSTANT_CONVERSION = YES;
				CLANG_WARN_DIRECT_OBJC_ISA_USAGE = YES_ERROR;
				CLANG_WARN_EMPTY_BODY = YES;
				CLANG_WARN_ENUM_CONVERSION = YES;
				CLANG_WARN_INT_CONVERSION = YES;
				CLANG_WARN_OBJC_ROOT_CLASS = YES_ERROR;
				CLANG_WARN_UNREACHABLE_CODE = YES;
				CLANG_WARN__DUPLICATE_METHOD_MATCH = YES;
				"CODE_SIGN_IDENTITY[sdk=iphoneos*]" = "iPhone Developer";
				COPY_PHASE_STRIP = NO;
				DEBUG_INFORMATION_FORMAT = dwarf;
				ENABLE_STRICT_OBJC_MSGSEND = YES;
				ENABLE_TESTABILITY = YES;
				GCC_C_LANGUAGE_STANDARD = gnu99;
				GCC_DYNAMIC_NO_PIC = NO;
				GCC_NO_COMMON_BLOCKS = YES;
				GCC_OPTIMIZATION_LEVEL = 0;
				GCC_PREPROCESSOR_DEFINITIONS = (
					"DEBUG=1",
					"$(inherited)",
				);
				GCC_WARN_64_TO_32_BIT_CONVERSION = YES;
				GCC_WARN_ABOUT_RETURN_TYPE = YES_ERROR;
				GCC_WARN_UNDECLARED_SELECTOR = YES;
				GCC_WARN_UNINITIALIZED_AUTOS = YES_AGGRESSIVE;
				GCC_WARN_UNUSED_FUNCTION = YES;
				GCC_WARN_UNUSED_VARIABLE = YES;
				IPHONEOS_DEPLOYMENT_TARGET = 9.2;
				MTL_ENABLE_DEBUG_INFO = YES;
				ONLY_ACTIVE_ARCH = YES;
				SDKROOT = iphoneos;
				SWIFT_OPTIMIZATION_LEVEL = "-Onone";
			};
			name = Debug;
		};
		25CE8D0D1D4879CC0069D660 /* Release */ = {
			isa = XCBuildConfiguration;
			buildSettings = {
				ALWAYS_SEARCH_USER_PATHS = NO;
				CLANG_CXX_LANGUAGE_STANDARD = "gnu++0x";
				CLANG_CXX_LIBRARY = "libc++";
				CLANG_ENABLE_MODULES = YES;
				CLANG_ENABLE_OBJC_ARC = YES;
				CLANG_WARN_BOOL_CONVERSION = YES;
				CLANG_WARN_CONSTANT_CONVERSION = YES;
				CLANG_WARN_DIRECT_OBJC_ISA_USAGE = YES_ERROR;
				CLANG_WARN_EMPTY_BODY = YES;
				CLANG_WARN_ENUM_CONVERSION = YES;
				CLANG_WARN_INT_CONVERSION = YES;
				CLANG_WARN_OBJC_ROOT_CLASS = YES_ERROR;
				CLANG_WARN_UNREACHABLE_CODE = YES;
				CLANG_WARN__DUPLICATE_METHOD_MATCH = YES;
				"CODE_SIGN_IDENTITY[sdk=iphoneos*]" = "iPhone Developer";
				COPY_PHASE_STRIP = NO;
				DEBUG_INFORMATION_FORMAT = "dwarf-with-dsym";
				ENABLE_NS_ASSERTIONS = NO;
				ENABLE_STRICT_OBJC_MSGSEND = YES;
				GCC_C_LANGUAGE_STANDARD = gnu99;
				GCC_NO_COMMON_BLOCKS = YES;
				GCC_WARN_64_TO_32_BIT_CONVERSION = YES;
				GCC_WARN_ABOUT_RETURN_TYPE = YES_ERROR;
				GCC_WARN_UNDECLARED_SELECTOR = YES;
				GCC_WARN_UNINITIALIZED_AUTOS = YES_AGGRESSIVE;
				GCC_WARN_UNUSED_FUNCTION = YES;
				GCC_WARN_UNUSED_VARIABLE = YES;
				IPHONEOS_DEPLOYMENT_TARGET = 9.2;
				MTL_ENABLE_DEBUG_INFO = NO;
				SDKROOT = iphoneos;
				VALIDATE_PRODUCT = YES;
			};
			name = Release;
		};
		25CE8D0F1D4879CC0069D660 /* Debug */ = {
			isa = XCBuildConfiguration;
			baseConfigurationReference = C209B87D5F3EAE8E1CA03AC6 /* Pods-AwesomeWeibo.debug.xcconfig */;
			buildSettings = {
				ASSETCATALOG_COMPILER_APPICON_NAME = AppIcon;
				ASSETCATALOG_COMPILER_LAUNCHIMAGE_NAME = LaunchImage;
				INFOPLIST_FILE = AwesomeWeibo/Info.plist;
				IPHONEOS_DEPLOYMENT_TARGET = 9.0;
				LD_RUNPATH_SEARCH_PATHS = "$(inherited) @executable_path/Frameworks";
				PRODUCT_BUNDLE_IDENTIFIER = com.jialiu54321.AwesomeWeibo;
				PRODUCT_NAME = "$(TARGET_NAME)";
			};
			name = Debug;
		};
		25CE8D101D4879CC0069D660 /* Release */ = {
			isa = XCBuildConfiguration;
			baseConfigurationReference = 1371DB8F890AE6CD22E603A8 /* Pods-AwesomeWeibo.release.xcconfig */;
			buildSettings = {
				ASSETCATALOG_COMPILER_APPICON_NAME = AppIcon;
				ASSETCATALOG_COMPILER_LAUNCHIMAGE_NAME = LaunchImage;
				INFOPLIST_FILE = AwesomeWeibo/Info.plist;
				IPHONEOS_DEPLOYMENT_TARGET = 9.0;
				LD_RUNPATH_SEARCH_PATHS = "$(inherited) @executable_path/Frameworks";
				PRODUCT_BUNDLE_IDENTIFIER = com.jialiu54321.AwesomeWeibo;
				PRODUCT_NAME = "$(TARGET_NAME)";
			};
			name = Release;
		};
		25CE8D121D4879CC0069D660 /* Debug */ = {
			isa = XCBuildConfiguration;
			baseConfigurationReference = D352FD2DF686F31F9A63E7A1 /* Pods-AwesomeWeiboTests.debug.xcconfig */;
			buildSettings = {
				BUNDLE_LOADER = "$(TEST_HOST)";
				INFOPLIST_FILE = AwesomeWeiboTests/Info.plist;
				LD_RUNPATH_SEARCH_PATHS = "$(inherited) @executable_path/Frameworks @loader_path/Frameworks";
				PRODUCT_BUNDLE_IDENTIFIER = com.jialiu54321.AwesomeWeiboTests;
				PRODUCT_NAME = "$(TARGET_NAME)";
				TEST_HOST = "$(BUILT_PRODUCTS_DIR)/AwesomeWeibo.app/AwesomeWeibo";
			};
			name = Debug;
		};
		25CE8D131D4879CC0069D660 /* Release */ = {
			isa = XCBuildConfiguration;
			baseConfigurationReference = A44E98AEAF9190AC607A0DCF /* Pods-AwesomeWeiboTests.release.xcconfig */;
			buildSettings = {
				BUNDLE_LOADER = "$(TEST_HOST)";
				INFOPLIST_FILE = AwesomeWeiboTests/Info.plist;
				LD_RUNPATH_SEARCH_PATHS = "$(inherited) @executable_path/Frameworks @loader_path/Frameworks";
				PRODUCT_BUNDLE_IDENTIFIER = com.jialiu54321.AwesomeWeiboTests;
				PRODUCT_NAME = "$(TARGET_NAME)";
				TEST_HOST = "$(BUILT_PRODUCTS_DIR)/AwesomeWeibo.app/AwesomeWeibo";
			};
			name = Release;
		};
		25CE8D151D4879CC0069D660 /* Debug */ = {
			isa = XCBuildConfiguration;
			baseConfigurationReference = 9C0A3E27125B925864CFE40B /* Pods-AwesomeWeiboUITests.debug.xcconfig */;
			buildSettings = {
				INFOPLIST_FILE = AwesomeWeiboUITests/Info.plist;
				LD_RUNPATH_SEARCH_PATHS = "$(inherited) @executable_path/Frameworks @loader_path/Frameworks";
				PRODUCT_BUNDLE_IDENTIFIER = com.jialiu54321.AwesomeWeiboUITests;
				PRODUCT_NAME = "$(TARGET_NAME)";
				TEST_TARGET_NAME = AwesomeWeibo;
				USES_XCTRUNNER = YES;
			};
			name = Debug;
		};
		25CE8D161D4879CC0069D660 /* Release */ = {
			isa = XCBuildConfiguration;
			baseConfigurationReference = EF7A5D6123850FF0EB1CDD1F /* Pods-AwesomeWeiboUITests.release.xcconfig */;
			buildSettings = {
				INFOPLIST_FILE = AwesomeWeiboUITests/Info.plist;
				LD_RUNPATH_SEARCH_PATHS = "$(inherited) @executable_path/Frameworks @loader_path/Frameworks";
				PRODUCT_BUNDLE_IDENTIFIER = com.jialiu54321.AwesomeWeiboUITests;
				PRODUCT_NAME = "$(TARGET_NAME)";
				TEST_TARGET_NAME = AwesomeWeibo;
				USES_XCTRUNNER = YES;
			};
			name = Release;
		};
/* End XCBuildConfiguration section */

/* Begin XCConfigurationList section */
		25CE8CE11D4879CC0069D660 /* Build configuration list for PBXProject "AwesomeWeibo" */ = {
			isa = XCConfigurationList;
			buildConfigurations = (
				25CE8D0C1D4879CC0069D660 /* Debug */,
				25CE8D0D1D4879CC0069D660 /* Release */,
			);
			defaultConfigurationIsVisible = 0;
			defaultConfigurationName = Release;
		};
		25CE8D0E1D4879CC0069D660 /* Build configuration list for PBXNativeTarget "AwesomeWeibo" */ = {
			isa = XCConfigurationList;
			buildConfigurations = (
				25CE8D0F1D4879CC0069D660 /* Debug */,
				25CE8D101D4879CC0069D660 /* Release */,
			);
			defaultConfigurationIsVisible = 0;
			defaultConfigurationName = Release;
		};
		25CE8D111D4879CC0069D660 /* Build configuration list for PBXNativeTarget "AwesomeWeiboTests" */ = {
			isa = XCConfigurationList;
			buildConfigurations = (
				25CE8D121D4879CC0069D660 /* Debug */,
				25CE8D131D4879CC0069D660 /* Release */,
			);
			defaultConfigurationIsVisible = 0;
			defaultConfigurationName = Release;
		};
		25CE8D141D4879CC0069D660 /* Build configuration list for PBXNativeTarget "AwesomeWeiboUITests" */ = {
			isa = XCConfigurationList;
			buildConfigurations = (
				25CE8D151D4879CC0069D660 /* Debug */,
				25CE8D161D4879CC0069D660 /* Release */,
			);
			defaultConfigurationIsVisible = 0;
			defaultConfigurationName = Release;
		};
/* End XCConfigurationList section */
	};
	rootObject = 25CE8CDE1D4879CC0069D660 /* Project object */;
}
